
Microsoft Visual Studio Solution File, Format Version 12.00
# Visual Studio 15
VisualStudioVersion = 15.0.26228.9
MinimumVisualStudioVersion = 10.0.40219.1
Project("{2150E333-8FDC-42A3-9474-1A3956D46DE8}") = "Engine", "Engine", "{48549D15-45B4-44F5-BCC8-91558E8B2B05}"
EndProject
Project("{2150E333-8FDC-42A3-9474-1A3956D46DE8}") = "Games", "Games", "{A32E90CA-D3FD-4224-8838-AA6FCE5D98E3}"
EndProject
Project("{8BC9CEB8-8B4A-11D0-8D11-00A0C91BC942}") = "UE4", "Intermediate\ProjectFiles\UE4.vcxproj", "{CC2A9355-1C2A-4A09-AF7D-1BF203339CBD}"
EndProject
Project("{8BC9CEB8-8B4A-11D0-8D11-00A0C91BC942}") = "Fatalus", "Intermediate\ProjectFiles\Fatalus.vcxproj", "{D374021D-1F35-4C89-925C-C23B6C2FE994}"
EndProject
Global
	GlobalSection(SolutionConfigurationPlatforms) = preSolution
		DebugGame Editor|HTML5 = DebugGame Editor|HTML5
		DebugGame Editor|Win32 = DebugGame Editor|Win32
		DebugGame Editor|Win64 = DebugGame Editor|Win64
		DebugGame|HTML5 = DebugGame|HTML5
		DebugGame|Win32 = DebugGame|Win32
		DebugGame|Win64 = DebugGame|Win64
		Development Editor|HTML5 = Development Editor|HTML5
		Development Editor|Win32 = Development Editor|Win32
		Development Editor|Win64 = Development Editor|Win64
		Development|HTML5 = Development|HTML5
		Development|Win32 = Development|Win32
		Development|Win64 = Development|Win64
		Shipping|HTML5 = Shipping|HTML5
		Shipping|Win32 = Shipping|Win32
		Shipping|Win64 = Shipping|Win64
	EndGlobalSection
	GlobalSection(ProjectConfigurationPlatforms) = postSolution
		{CC2A9355-1C2A-4A09-AF7D-1BF203339CBD}.DebugGame Editor|HTML5.ActiveCfg = BuiltWithUnrealBuildTool|Win32
		{CC2A9355-1C2A-4A09-AF7D-1BF203339CBD}.DebugGame Editor|HTML5.Build.0 = BuiltWithUnrealBuildTool|Win32
		{CC2A9355-1C2A-4A09-AF7D-1BF203339CBD}.DebugGame Editor|Win32.ActiveCfg = BuiltWithUnrealBuildTool|Win32
		{CC2A9355-1C2A-4A09-AF7D-1BF203339CBD}.DebugGame Editor|Win32.Build.0 = BuiltWithUnrealBuildTool|Win32
		{CC2A9355-1C2A-4A09-AF7D-1BF203339CBD}.DebugGame Editor|Win64.ActiveCfg = BuiltWithUnrealBuildTool|Win32
		{CC2A9355-1C2A-4A09-AF7D-1BF203339CBD}.DebugGame Editor|Win64.Build.0 = BuiltWithUnrealBuildTool|Win32
		{CC2A9355-1C2A-4A09-AF7D-1BF203339CBD}.DebugGame|HTML5.ActiveCfg = BuiltWithUnrealBuildTool|Win32
		{CC2A9355-1C2A-4A09-AF7D-1BF203339CBD}.DebugGame|HTML5.Build.0 = BuiltWithUnrealBuildTool|Win32
		{CC2A9355-1C2A-4A09-AF7D-1BF203339CBD}.DebugGame|Win32.ActiveCfg = BuiltWithUnrealBuildTool|Win32
		{CC2A9355-1C2A-4A09-AF7D-1BF203339CBD}.DebugGame|Win32.Build.0 = BuiltWithUnrealBuildTool|Win32
		{CC2A9355-1C2A-4A09-AF7D-1BF203339CBD}.DebugGame|Win64.ActiveCfg = BuiltWithUnrealBuildTool|Win32
		{CC2A9355-1C2A-4A09-AF7D-1BF203339CBD}.DebugGame|Win64.Build.0 = BuiltWithUnrealBuildTool|Win32
		{CC2A9355-1C2A-4A09-AF7D-1BF203339CBD}.Development Editor|HTML5.ActiveCfg = BuiltWithUnrealBuildTool|Win32
		{CC2A9355-1C2A-4A09-AF7D-1BF203339CBD}.Development Editor|HTML5.Build.0 = BuiltWithUnrealBuildTool|Win32
		{CC2A9355-1C2A-4A09-AF7D-1BF203339CBD}.Development Editor|Win32.ActiveCfg = BuiltWithUnrealBuildTool|Win32
		{CC2A9355-1C2A-4A09-AF7D-1BF203339CBD}.Development Editor|Win32.Build.0 = BuiltWithUnrealBuildTool|Win32
		{CC2A9355-1C2A-4A09-AF7D-1BF203339CBD}.Development Editor|Win64.ActiveCfg = BuiltWithUnrealBuildTool|Win32
		{CC2A9355-1C2A-4A09-AF7D-1BF203339CBD}.Development Editor|Win64.Build.0 = BuiltWithUnrealBuildTool|Win32
		{CC2A9355-1C2A-4A09-AF7D-1BF203339CBD}.Development|HTML5.ActiveCfg = BuiltWithUnrealBuildTool|Win32
		{CC2A9355-1C2A-4A09-AF7D-1BF203339CBD}.Development|HTML5.Build.0 = BuiltWithUnrealBuildTool|Win32
		{CC2A9355-1C2A-4A09-AF7D-1BF203339CBD}.Development|Win32.ActiveCfg = BuiltWithUnrealBuildTool|Win32
		{CC2A9355-1C2A-4A09-AF7D-1BF203339CBD}.Development|Win32.Build.0 = BuiltWithUnrealBuildTool|Win32
		{CC2A9355-1C2A-4A09-AF7D-1BF203339CBD}.Development|Win64.ActiveCfg = BuiltWithUnrealBuildTool|Win32
		{CC2A9355-1C2A-4A09-AF7D-1BF203339CBD}.Development|Win64.Build.0 = BuiltWithUnrealBuildTool|Win32
		{CC2A9355-1C2A-4A09-AF7D-1BF203339CBD}.Shipping|HTML5.ActiveCfg = BuiltWithUnrealBuildTool|Win32
		{CC2A9355-1C2A-4A09-AF7D-1BF203339CBD}.Shipping|HTML5.Build.0 = BuiltWithUnrealBuildTool|Win32
		{CC2A9355-1C2A-4A09-AF7D-1BF203339CBD}.Shipping|Win32.ActiveCfg = BuiltWithUnrealBuildTool|Win32
		{CC2A9355-1C2A-4A09-AF7D-1BF203339CBD}.Shipping|Win32.Build.0 = BuiltWithUnrealBuildTool|Win32
		{CC2A9355-1C2A-4A09-AF7D-1BF203339CBD}.Shipping|Win64.ActiveCfg = BuiltWithUnrealBuildTool|Win32
		{CC2A9355-1C2A-4A09-AF7D-1BF203339CBD}.Shipping|Win64.Build.0 = BuiltWithUnrealBuildTool|Win32
		{D374021D-1F35-4C89-925C-C23B6C2FE994}.DebugGame Editor|HTML5.ActiveCfg = HTML5_DebugGame_Editor|Win32
		{D374021D-1F35-4C89-925C-C23B6C2FE994}.DebugGame Editor|Win32.ActiveCfg = DebugGame_Editor|Win32
		{D374021D-1F35-4C89-925C-C23B6C2FE994}.DebugGame Editor|Win64.ActiveCfg = DebugGame_Editor|x64
		{D374021D-1F35-4C89-925C-C23B6C2FE994}.DebugGame Editor|Win64.Build.0 = DebugGame_Editor|x64
		{D374021D-1F35-4C89-925C-C23B6C2FE994}.DebugGame|HTML5.ActiveCfg = HTML5_DebugGame_Game|Win32
		{D374021D-1F35-4C89-925C-C23B6C2FE994}.DebugGame|HTML5.Build.0 = HTML5_DebugGame_Game|Win32
		{D374021D-1F35-4C89-925C-C23B6C2FE994}.DebugGame|Win32.ActiveCfg = DebugGame_Game|Win32
		{D374021D-1F35-4C89-925C-C23B6C2FE994}.DebugGame|Win32.Build.0 = DebugGame_Game|Win32
		{D374021D-1F35-4C89-925C-C23B6C2FE994}.DebugGame|Win64.ActiveCfg = DebugGame_Game|x64
		{D374021D-1F35-4C89-925C-C23B6C2FE994}.DebugGame|Win64.Build.0 = DebugGame_Game|x64
		{D374021D-1F35-4C89-925C-C23B6C2FE994}.Development Editor|HTML5.ActiveCfg = HTML5_Development_Editor|Win32
		{D374021D-1F35-4C89-925C-C23B6C2FE994}.Development Editor|Win32.ActiveCfg = Development_Editor|Win32
		{D374021D-1F35-4C89-925C-C23B6C2FE994}.Development Editor|Win64.ActiveCfg = Development_Editor|x64
		{D374021D-1F35-4C89-925C-C23B6C2FE994}.Development Editor|Win64.Build.0 = Development_Editor|x64
		{D374021D-1F35-4C89-925C-C23B6C2FE994}.Development|HTML5.ActiveCfg = HTML5_Development_Game|Win32
		{D374021D-1F35-4C89-925C-C23B6C2FE994}.Development|HTML5.Build.0 = HTML5_Development_Game|Win32
		{D374021D-1F35-4C89-925C-C23B6C2FE994}.Development|Win32.ActiveCfg = Development_Game|Win32
		{D374021D-1F35-4C89-925C-C23B6C2FE994}.Development|Win32.Build.0 = Development_Game|Win32
		{D374021D-1F35-4C89-925C-C23B6C2FE994}.Development|Win64.ActiveCfg = Development_Game|x64
		{D374021D-1F35-4C89-925C-C23B6C2FE994}.Development|Win64.Build.0 = Development_Game|x64
		{D374021D-1F35-4C89-925C-C23B6C2FE994}.Shipping|HTML5.ActiveCfg = HTML5_Shipping_Game|Win32
		{D374021D-1F35-4C89-925C-C23B6C2FE994}.Shipping|HTML5.Build.0 = HTML5_Shipping_Game|Win32
		{D374021D-1F35-4C89-925C-C23B6C2FE994}.Shipping|Win32.ActiveCfg = Shipping_Game|Win32
		{D374021D-1F35-4C89-925C-C23B6C2FE994}.Shipping|Win32.Build.0 = Shipping_Game|Win32
		{D374021D-1F35-4C89-925C-C23B6C2FE994}.Shipping|Win64.ActiveCfg = Shipping_Game|x64
		{D374021D-1F35-4C89-925C-C23B6C2FE994}.Shipping|Win64.Build.0 = Shipping_Game|x64
	EndGlobalSection
	GlobalSection(SolutionProperties) = preSolution
		HideSolutionNode = FALSE
	EndGlobalSection
	GlobalSection(NestedProjects) = preSolution
		{CC2A9355-1C2A-4A09-AF7D-1BF203339CBD} = {48549D15-45B4-44F5-BCC8-91558E8B2B05}
		{D374021D-1F35-4C89-925C-C23B6C2FE994} = {A32E90CA-D3FD-4224-8838-AA6FCE5D98E3}
	EndGlobalSection
EndGlobal
